
Microsoft Visual Studio Solution File, Format Version 12.00
# Visual Studio 15
VisualStudioVersion = 15.0.27130.2027
MinimumVisualStudioVersion = 10.0.40219.1
Project("{2150E333-8FDC-42A3-9474-1A3956D46DE8}") = "Engine", "Engine", "{F8802EFD-0C77-48C7-BE57-F68953A41FBF}"
EndProject
Project("{2150E333-8FDC-42A3-9474-1A3956D46DE8}") = "Games", "Games", "{1B1D2577-6E07-4289-A861-C83D169DC909}"
EndProject
Project("{8BC9CEB8-8B4A-11D0-8D11-00A0C91BC942}") = "UE4", "Intermediate\ProjectFiles\UE4.vcxproj", "{5B9E63D2-E271-455C-812D-1DEDD379A71B}"
EndProject
Project("{8BC9CEB8-8B4A-11D0-8D11-00A0C91BC942}") = "BatteryCollector", "Intermediate\ProjectFiles\BatteryCollector.vcxproj", "{58AA1015-540D-42C9-9A06-28D1B468090E}"
EndProject
Global
	GlobalSection(SolutionConfigurationPlatforms) = preSolution
		DebugGame Editor|HTML5 = DebugGame Editor|HTML5
		DebugGame Editor|IOS = DebugGame Editor|IOS
		DebugGame Editor|Win32 = DebugGame Editor|Win32
		DebugGame Editor|Win64 = DebugGame Editor|Win64
		DebugGame|HTML5 = DebugGame|HTML5
		DebugGame|IOS = DebugGame|IOS
		DebugGame|Win32 = DebugGame|Win32
		DebugGame|Win64 = DebugGame|Win64
		Development Editor|HTML5 = Development Editor|HTML5
		Development Editor|IOS = Development Editor|IOS
		Development Editor|Win32 = Development Editor|Win32
		Development Editor|Win64 = Development Editor|Win64
		Development|HTML5 = Development|HTML5
		Development|IOS = Development|IOS
		Development|Win32 = Development|Win32
		Development|Win64 = Development|Win64
		Shipping|HTML5 = Shipping|HTML5
		Shipping|IOS = Shipping|IOS
		Shipping|Win32 = Shipping|Win32
		Shipping|Win64 = Shipping|Win64
	EndGlobalSection
	GlobalSection(ProjectConfigurationPlatforms) = postSolution
		{5B9E63D2-E271-455C-812D-1DEDD379A71B}.DebugGame Editor|HTML5.ActiveCfg = BuiltWithUnrealBuildTool|Win32
		{5B9E63D2-E271-455C-812D-1DEDD379A71B}.DebugGame Editor|HTML5.Build.0 = BuiltWithUnrealBuildTool|Win32
		{5B9E63D2-E271-455C-812D-1DEDD379A71B}.DebugGame Editor|IOS.ActiveCfg = BuiltWithUnrealBuildTool|Win32
		{5B9E63D2-E271-455C-812D-1DEDD379A71B}.DebugGame Editor|IOS.Build.0 = BuiltWithUnrealBuildTool|Win32
		{5B9E63D2-E271-455C-812D-1DEDD379A71B}.DebugGame Editor|Win32.ActiveCfg = BuiltWithUnrealBuildTool|Win32
		{5B9E63D2-E271-455C-812D-1DEDD379A71B}.DebugGame Editor|Win32.Build.0 = BuiltWithUnrealBuildTool|Win32
		{5B9E63D2-E271-455C-812D-1DEDD379A71B}.DebugGame Editor|Win64.ActiveCfg = BuiltWithUnrealBuildTool|Win32
		{5B9E63D2-E271-455C-812D-1DEDD379A71B}.DebugGame Editor|Win64.Build.0 = BuiltWithUnrealBuildTool|Win32
		{5B9E63D2-E271-455C-812D-1DEDD379A71B}.DebugGame|HTML5.ActiveCfg = BuiltWithUnrealBuildTool|Win32
		{5B9E63D2-E271-455C-812D-1DEDD379A71B}.DebugGame|HTML5.Build.0 = BuiltWithUnrealBuildTool|Win32
		{5B9E63D2-E271-455C-812D-1DEDD379A71B}.DebugGame|IOS.ActiveCfg = BuiltWithUnrealBuildTool|Win32
		{5B9E63D2-E271-455C-812D-1DEDD379A71B}.DebugGame|IOS.Build.0 = BuiltWithUnrealBuildTool|Win32
		{5B9E63D2-E271-455C-812D-1DEDD379A71B}.DebugGame|Win32.ActiveCfg = BuiltWithUnrealBuildTool|Win32
		{5B9E63D2-E271-455C-812D-1DEDD379A71B}.DebugGame|Win32.Build.0 = BuiltWithUnrealBuildTool|Win32
		{5B9E63D2-E271-455C-812D-1DEDD379A71B}.DebugGame|Win64.ActiveCfg = BuiltWithUnrealBuildTool|Win32
		{5B9E63D2-E271-455C-812D-1DEDD379A71B}.DebugGame|Win64.Build.0 = BuiltWithUnrealBuildTool|Win32
		{5B9E63D2-E271-455C-812D-1DEDD379A71B}.Development Editor|HTML5.ActiveCfg = BuiltWithUnrealBuildTool|Win32
		{5B9E63D2-E271-455C-812D-1DEDD379A71B}.Development Editor|HTML5.Build.0 = BuiltWithUnrealBuildTool|Win32
		{5B9E63D2-E271-455C-812D-1DEDD379A71B}.Development Editor|IOS.ActiveCfg = BuiltWithUnrealBuildTool|Win32
		{5B9E63D2-E271-455C-812D-1DEDD379A71B}.Development Editor|IOS.Build.0 = BuiltWithUnrealBuildTool|Win32
		{5B9E63D2-E271-455C-812D-1DEDD379A71B}.Development Editor|Win32.ActiveCfg = BuiltWithUnrealBuildTool|Win32
		{5B9E63D2-E271-455C-812D-1DEDD379A71B}.Development Editor|Win32.Build.0 = BuiltWithUnrealBuildTool|Win32
		{5B9E63D2-E271-455C-812D-1DEDD379A71B}.Development Editor|Win64.ActiveCfg = BuiltWithUnrealBuildTool|Win32
		{5B9E63D2-E271-455C-812D-1DEDD379A71B}.Development Editor|Win64.Build.0 = BuiltWithUnrealBuildTool|Win32
		{5B9E63D2-E271-455C-812D-1DEDD379A71B}.Development|HTML5.ActiveCfg = BuiltWithUnrealBuildTool|Win32
		{5B9E63D2-E271-455C-812D-1DEDD379A71B}.Development|HTML5.Build.0 = BuiltWithUnrealBuildTool|Win32
		{5B9E63D2-E271-455C-812D-1DEDD379A71B}.Development|IOS.ActiveCfg = BuiltWithUnrealBuildTool|Win32
		{5B9E63D2-E271-455C-812D-1DEDD379A71B}.Development|IOS.Build.0 = BuiltWithUnrealBuildTool|Win32
		{5B9E63D2-E271-455C-812D-1DEDD379A71B}.Development|Win32.ActiveCfg = BuiltWithUnrealBuildTool|Win32
		{5B9E63D2-E271-455C-812D-1DEDD379A71B}.Development|Win32.Build.0 = BuiltWithUnrealBuildTool|Win32
		{5B9E63D2-E271-455C-812D-1DEDD379A71B}.Development|Win64.ActiveCfg = BuiltWithUnrealBuildTool|Win32
		{5B9E63D2-E271-455C-812D-1DEDD379A71B}.Development|Win64.Build.0 = BuiltWithUnrealBuildTool|Win32
		{5B9E63D2-E271-455C-812D-1DEDD379A71B}.Shipping|HTML5.ActiveCfg = BuiltWithUnrealBuildTool|Win32
		{5B9E63D2-E271-455C-812D-1DEDD379A71B}.Shipping|HTML5.Build.0 = BuiltWithUnrealBuildTool|Win32
		{5B9E63D2-E271-455C-812D-1DEDD379A71B}.Shipping|IOS.ActiveCfg = BuiltWithUnrealBuildTool|Win32
		{5B9E63D2-E271-455C-812D-1DEDD379A71B}.Shipping|IOS.Build.0 = BuiltWithUnrealBuildTool|Win32
		{5B9E63D2-E271-455C-812D-1DEDD379A71B}.Shipping|Win32.ActiveCfg = BuiltWithUnrealBuildTool|Win32
		{5B9E63D2-E271-455C-812D-1DEDD379A71B}.Shipping|Win32.Build.0 = BuiltWithUnrealBuildTool|Win32
		{5B9E63D2-E271-455C-812D-1DEDD379A71B}.Shipping|Win64.ActiveCfg = BuiltWithUnrealBuildTool|Win32
		{5B9E63D2-E271-455C-812D-1DEDD379A71B}.Shipping|Win64.Build.0 = BuiltWithUnrealBuildTool|Win32
		{58AA1015-540D-42C9-9A06-28D1B468090E}.DebugGame Editor|HTML5.ActiveCfg = HTML5_DebugGame_Editor|Win32
		{58AA1015-540D-42C9-9A06-28D1B468090E}.DebugGame Editor|IOS.ActiveCfg = IOS_DebugGame_Editor|Win32
		{58AA1015-540D-42C9-9A06-28D1B468090E}.DebugGame Editor|Win32.ActiveCfg = DebugGame_Editor|Win32
		{58AA1015-540D-42C9-9A06-28D1B468090E}.DebugGame Editor|Win64.ActiveCfg = DebugGame_Editor|x64
		{58AA1015-540D-42C9-9A06-28D1B468090E}.DebugGame Editor|Win64.Build.0 = DebugGame_Editor|x64
		{58AA1015-540D-42C9-9A06-28D1B468090E}.DebugGame|HTML5.ActiveCfg = HTML5_DebugGame_Game|Win32
		{58AA1015-540D-42C9-9A06-28D1B468090E}.DebugGame|HTML5.Build.0 = HTML5_DebugGame_Game|Win32
		{58AA1015-540D-42C9-9A06-28D1B468090E}.DebugGame|IOS.ActiveCfg = IOS_DebugGame_Game|Win32
		{58AA1015-540D-42C9-9A06-28D1B468090E}.DebugGame|IOS.Build.0 = IOS_DebugGame_Game|Win32
		{58AA1015-540D-42C9-9A06-28D1B468090E}.DebugGame|Win32.ActiveCfg = DebugGame_Game|Win32
		{58AA1015-540D-42C9-9A06-28D1B468090E}.DebugGame|Win32.Build.0 = DebugGame_Game|Win32
		{58AA1015-540D-42C9-9A06-28D1B468090E}.DebugGame|Win64.ActiveCfg = DebugGame_Game|x64
		{58AA1015-540D-42C9-9A06-28D1B468090E}.DebugGame|Win64.Build.0 = DebugGame_Game|x64
		{58AA1015-540D-42C9-9A06-28D1B468090E}.Development Editor|HTML5.ActiveCfg = HTML5_Development_Editor|Win32
		{58AA1015-540D-42C9-9A06-28D1B468090E}.Development Editor|IOS.ActiveCfg = IOS_Development_Editor|Win32
		{58AA1015-540D-42C9-9A06-28D1B468090E}.Development Editor|Win32.ActiveCfg = Development_Editor|Win32
		{58AA1015-540D-42C9-9A06-28D1B468090E}.Development Editor|Win64.ActiveCfg = Development_Editor|x64
		{58AA1015-540D-42C9-9A06-28D1B468090E}.Development Editor|Win64.Build.0 = Development_Editor|x64
		{58AA1015-540D-42C9-9A06-28D1B468090E}.Development|HTML5.ActiveCfg = HTML5_Development_Game|Win32
		{58AA1015-540D-42C9-9A06-28D1B468090E}.Development|HTML5.Build.0 = HTML5_Development_Game|Win32
		{58AA1015-540D-42C9-9A06-28D1B468090E}.Development|IOS.ActiveCfg = IOS_Development_Game|Win32
		{58AA1015-540D-42C9-9A06-28D1B468090E}.Development|IOS.Build.0 = IOS_Development_Game|Win32
		{58AA1015-540D-42C9-9A06-28D1B468090E}.Development|Win32.ActiveCfg = Development_Game|Win32
		{58AA1015-540D-42C9-9A06-28D1B468090E}.Development|Win32.Build.0 = Development_Game|Win32
		{58AA1015-540D-42C9-9A06-28D1B468090E}.Development|Win64.ActiveCfg = Development_Game|x64
		{58AA1015-540D-42C9-9A06-28D1B468090E}.Development|Win64.Build.0 = Development_Game|x64
		{58AA1015-540D-42C9-9A06-28D1B468090E}.Shipping|HTML5.ActiveCfg = HTML5_Shipping_Game|Win32
		{58AA1015-540D-42C9-9A06-28D1B468090E}.Shipping|HTML5.Build.0 = HTML5_Shipping_Game|Win32
		{58AA1015-540D-42C9-9A06-28D1B468090E}.Shipping|IOS.ActiveCfg = IOS_Shipping_Game|Win32
		{58AA1015-540D-42C9-9A06-28D1B468090E}.Shipping|IOS.Build.0 = IOS_Shipping_Game|Win32
		{58AA1015-540D-42C9-9A06-28D1B468090E}.Shipping|Win32.ActiveCfg = Shipping_Game|Win32
		{58AA1015-540D-42C9-9A06-28D1B468090E}.Shipping|Win32.Build.0 = Shipping_Game|Win32
		{58AA1015-540D-42C9-9A06-28D1B468090E}.Shipping|Win64.ActiveCfg = Shipping_Game|x64
		{58AA1015-540D-42C9-9A06-28D1B468090E}.Shipping|Win64.Build.0 = Shipping_Game|x64
	EndGlobalSection
	GlobalSection(SolutionProperties) = preSolution
		HideSolutionNode = FALSE
	EndGlobalSection
	GlobalSection(NestedProjects) = preSolution
		{5B9E63D2-E271-455C-812D-1DEDD379A71B} = {F8802EFD-0C77-48C7-BE57-F68953A41FBF}
		{58AA1015-540D-42C9-9A06-28D1B468090E} = {1B1D2577-6E07-4289-A861-C83D169DC909}
	EndGlobalSection
	GlobalSection(ExtensibilityGlobals) = postSolution
		SolutionGuid = {95842757-241A-4088-BE87-5D43AEF7A77D}
	EndGlobalSection
EndGlobal
